
Microsoft Visual Studio Solution File, Format Version 12.00
# Visual Studio 15
VisualStudioVersion = 15.0.26228.4
MinimumVisualStudioVersion = 10.0.40219.1
Project("{FAE04EC0-301F-11D3-BF4B-00C04F79EFBC}") = "proj1", "proj1\proj1.csproj", "{C2492ADE-5DCD-4D10-A667-E29206602DA2}"
EndProject
Project("{FAE04EC0-301F-11D3-BF4B-00C04F79EFBC}") = "proj2", "proj2\proj2.csproj", "{1529EA3C-2283-4C0E-BB5E-B63A7716758D}"
EndProject
Global
	GlobalSection(SolutionConfigurationPlatforms) = preSolution
		Debug|Any CPU = Debug|Any CPU
		Release|Any CPU = Release|Any CPU
	EndGlobalSection
	GlobalSection(ProjectConfigurationPlatforms) = postSolution
		{C2492ADE-5DCD-4D10-A667-E29206602DA2}.Debug|Any CPU.ActiveCfg = Debug|Any CPU
		{C2492ADE-5DCD-4D10-A667-E29206602DA2}.Debug|Any CPU.Build.0 = Debug|Any CPU
		{C2492ADE-5DCD-4D10-A667-E29206602DA2}.Release|Any CPU.ActiveCfg = Release|Any CPU
		{C2492ADE-5DCD-4D10-A667-E29206602DA2}.Release|Any CPU.Build.0 = Release|Any CPU
		{1529EA3C-2283-4C0E-BB5E-B63A7716758D}.Debug|Any CPU.ActiveCfg = Debug|Any CPU
		{1529EA3C-2283-4C0E-BB5E-B63A7716758D}.Debug|Any CPU.Build.0 = Debug|Any CPU
		{1529EA3C-2283-4C0E-BB5E-B63A7716758D}.Release|Any CPU.ActiveCfg = Release|Any CPU
		{1529EA3C-2283-4C0E-BB5E-B63A7716758D}.Release|Any CPU.Build.0 = Release|Any CPU
	EndGlobalSection
	GlobalSection(SolutionProperties) = preSolution
		HideSolutionNode = FALSE
	EndGlobalSection
EndGlobal
